
Microsoft Visual Studio Solution File, Format Version 12.00
# Visual Studio Version 16
VisualStudioVersion = 25.0.1706.9
MinimumVisualStudioVersion = 10.0.40219.1
Project("{FAE04EC0-301F-11D3-BF4B-00C04F79EFBC}") = "InterestCalcApp", "InterestCalcApp\InterestCalcApp.csproj", "{676BCE6D-3CA9-4496-9C8A-595277428043}"
EndProject
Project("{FAE04EC0-301F-11D3-BF4B-00C04F79EFBC}") = "InterestCalcAppTests", "InterestCalcAppTests\InterestCalcAppTests.csproj", "{572E5B56-E6E1-4648-A6FA-3D003A2C8328}"
EndProject
Global
	GlobalSection(SolutionConfigurationPlatforms) = preSolution
		Debug|Any CPU = Debug|Any CPU
		Release|Any CPU = Release|Any CPU
	EndGlobalSection
	GlobalSection(ProjectConfigurationPlatforms) = postSolution
		{676BCE6D-3CA9-4496-9C8A-595277428043}.Debug|Any CPU.ActiveCfg = Debug|Any CPU
		{676BCE6D-3CA9-4496-9C8A-595277428043}.Debug|Any CPU.Build.0 = Debug|Any CPU
		{676BCE6D-3CA9-4496-9C8A-595277428043}.Release|Any CPU.ActiveCfg = Release|Any CPU
		{676BCE6D-3CA9-4496-9C8A-595277428043}.Release|Any CPU.Build.0 = Release|Any CPU
		{572E5B56-E6E1-4648-A6FA-3D003A2C8328}.Debug|Any CPU.ActiveCfg = Debug|Any CPU
		{572E5B56-E6E1-4648-A6FA-3D003A2C8328}.Debug|Any CPU.Build.0 = Debug|Any CPU
		{572E5B56-E6E1-4648-A6FA-3D003A2C8328}.Release|Any CPU.ActiveCfg = Release|Any CPU
		{572E5B56-E6E1-4648-A6FA-3D003A2C8328}.Release|Any CPU.Build.0 = Release|Any CPU
	EndGlobalSection
	GlobalSection(SolutionProperties) = preSolution
		HideSolutionNode = FALSE
	EndGlobalSection
	GlobalSection(ExtensibilityGlobals) = postSolution
		SolutionGuid = {AA31BAF3-AACD-4DAB-BEDF-98EEAC41D5C7}
	EndGlobalSection
EndGlobal
