
Microsoft Visual Studio Solution File, Format Version 12.00
# Visual Studio Version 16
VisualStudioVersion = 25.0.1706.9
MinimumVisualStudioVersion = 10.0.40219.1
Project("{FAE04EC0-301F-11D3-BF4B-00C04F79EFBC}") = "InterestCalcApp", "IntrestCalcApp\InterestCalcApp.csproj", "{92EBADE9-E5AC-49E2-BE01-E450DAA5DED4}"
EndProject
Project("{FAE04EC0-301F-11D3-BF4B-00C04F79EFBC}") = "InterestCalcAppTests", "IntrestCalcAppTests\InterestCalcAppTests.csproj", "{78D8074A-2F4E-4727-92CF-7C283B84E696}"
EndProject
Global
	GlobalSection(SolutionConfigurationPlatforms) = preSolution
		Debug|Any CPU = Debug|Any CPU
		Release|Any CPU = Release|Any CPU
	EndGlobalSection
	GlobalSection(ProjectConfigurationPlatforms) = postSolution
		{92EBADE9-E5AC-49E2-BE01-E450DAA5DED4}.Debug|Any CPU.ActiveCfg = Debug|Any CPU
		{92EBADE9-E5AC-49E2-BE01-E450DAA5DED4}.Debug|Any CPU.Build.0 = Debug|Any CPU
		{92EBADE9-E5AC-49E2-BE01-E450DAA5DED4}.Release|Any CPU.ActiveCfg = Release|Any CPU
		{92EBADE9-E5AC-49E2-BE01-E450DAA5DED4}.Release|Any CPU.Build.0 = Release|Any CPU
		{78D8074A-2F4E-4727-92CF-7C283B84E696}.Debug|Any CPU.ActiveCfg = Debug|Any CPU
		{78D8074A-2F4E-4727-92CF-7C283B84E696}.Debug|Any CPU.Build.0 = Debug|Any CPU
		{78D8074A-2F4E-4727-92CF-7C283B84E696}.Release|Any CPU.ActiveCfg = Release|Any CPU
		{78D8074A-2F4E-4727-92CF-7C283B84E696}.Release|Any CPU.Build.0 = Release|Any CPU
	EndGlobalSection
	GlobalSection(SolutionProperties) = preSolution
		HideSolutionNode = FALSE
	EndGlobalSection
	GlobalSection(ExtensibilityGlobals) = postSolution
		SolutionGuid = {AA31BAF3-AACD-4DAB-BEDF-98EEAC41D5C7}
	EndGlobalSection
EndGlobal
